# This file is automatically @generated by Poetry 2.2.1 and should not be changed by hand.

[[package]]
name = "certifi"
version = "2025.10.5"
description = "Python package for providing Mozilla's CA Bundle."
optional = false
python-versions = ">=3.7"
groups = ["main"]
files = [
    {file = "certifi-2025.10.5-py3-none-any.whl", hash = "sha256:0f212c2744a9bb6de0c56639a6f68afe01ecd92d91f14ae897c4fe7bbeeef0de"},
    {file = "certifi-2025.10.5.tar.gz", hash = "sha256:47c09d31ccf2acf0be3f701ea53595ee7e0b8fa08801c6624be771df09ae7b43"},
]

[[package]]
name = "charset-normalizer"
version = "3.4.3"
description = "The Real First Universal Charset Detector. Open, modern and actively maintained alternative to Chardet."
optional = false
python-versions = ">=3.7"
groups = ["main"]
files = [
    {file = "charset_normalizer-3.4.3-cp310-cp310-macosx_10_9_universal2.whl", hash = "sha256:fb7f67a1bfa6e40b438170ebdc8158b78dc465a5a67b6dde178a46987b244a72"},
    {file = "charset_normalizer-3.4.3-cp310-cp310-manylinux2014_aarch64.manylinux_2_17_aarch64.manylinux_2_28_aarch64.whl", hash = "sha256:cc9370a2da1ac13f0153780040f465839e6cccb4a1e44810124b4e22483c93fe"},
    {file = "charset_normalizer-3.4.3-cp310-cp310-manylinux2014_ppc64le.manylinux_2_17_ppc64le.manylinux_2_28_ppc64le.whl", hash = "sha256:07a0eae9e2787b586e129fdcbe1af6997f8d0e5abaa0bc98c0e20e124d67e601"},
    {file = "charset_normalizer-3.4.3-cp310-cp310-manylinux2014_s390x.manylinux_2_17_s390x.manylinux_2_28_s390x.whl", hash = "sha256:74d77e25adda8581ffc1c720f1c81ca082921329452eba58b16233ab1842141c"},
    {file = "charset_normalizer-3.4.3-cp310-cp310-manylinux2014_x86_64.manylinux_2_17_x86_64.manylinux_2_28_x86_64.whl", hash = "sha256:d0e909868420b7049dafd3a31d45125b31143eec59235311fc4c57ea26a4acd2"},
    {file = "charset_normalizer-3.4.3-cp310-cp310-musllinux_1_2_aarch64.whl", hash = "sha256:c6f162aabe9a91a309510d74eeb6507fab5fff92337a15acbe77753d88d9dcf0"},
    {file = "charset_normalizer-3.4.3-cp310-cp310-musllinux_1_2_ppc64le.whl", hash = "sha256:4ca4c094de7771a98d7fbd67d9e5dbf1eb73efa4f744a730437d8a3a5cf994f0"},
    {file = "charset_normalizer-3.4.3-cp310-cp310-musllinux_1_2_s390x.whl", hash = "sha256:02425242e96bcf29a49711b0ca9f37e451da7c70562bc10e8ed992a5a7a25cc0"},
    {file = "charset_normalizer-3.4.3-cp310-cp310-musllinux_1_2_x86_64.whl", hash = "sha256:78deba4d8f9590fe4dae384aeff04082510a709957e968753ff3c48399f6f92a"},
    {file = "charset_normalizer-3.4.3-cp310-cp310-win32.whl", hash = "sha256:d79c198e27580c8e958906f803e63cddb77653731be08851c7df0b1a14a8fc0f"},
    {file = "charset_normalizer-3.4.3-cp310-cp310-win_amd64.whl", hash = "sha256:c6e490913a46fa054e03699c70019ab869e990270597018cef1d8562132c2669"},
    {file = "charset_normalizer-3.4.3-cp311-cp311-macosx_10_9_universal2.whl", hash = "sha256:b256ee2e749283ef3ddcff51a675ff43798d92d746d1a6e4631bf8c707d22d0b"},
    {file = "charset_normalizer-3.4.3-cp311-cp311-manylinux2014_aarch64.manylinux_2_17_aarch64.manylinux_2_28_aarch64.whl", hash = "sha256:13faeacfe61784e2559e690fc53fa4c5ae97c6fcedb8eb6fb8d0a15b475d2c64"},
    {file = "charset_normalizer-3.4.3-cp311-cp311-manylinux2014_ppc64le.manylinux_2_17_ppc64le.manylinux_2_28_ppc64le.whl", hash = "sha256:00237675befef519d9af72169d8604a067d92755e84fe76492fef5441db05b91"},
    {file = "charset_normalizer-3.4.3-cp311-cp311-manylinux2014_s390x.manylinux_2_17_s390x.manylinux_2_28_s390x.whl", hash = "sha256:585f3b2a80fbd26b048a0be90c5aae8f06605d3c92615911c3a2b03a8a3b796f"},
    {file = "charset_normalizer-3.4.3-cp311-cp311-manylinux2014_x86_64.manylinux_2_17_x86_64.manylinux_2_28_x86_64.whl", hash = "sha256:0e78314bdc32fa80696f72fa16dc61168fda4d6a0c014e0380f9d02f0e5d8a07"},
    {file = "charset_normalizer-3.4.3-cp311-cp311-musllinux_1_2_aarch64.whl", hash = "sha256:96b2b3d1a83ad55310de8c7b4a2d04d9277d5591f40761274856635acc5fcb30"},
    {file = "charset_normalizer-3.4.3-cp311-cp311-musllinux_1_2_ppc64le.whl", hash = "sha256:939578d9d8fd4299220161fdd76e86c6a251987476f5243e8864a7844476ba14"},
    {file = "charset_normalizer-3.4.3-cp311-cp311-musllinux_1_2_s390x.whl", hash = "sha256:fd10de089bcdcd1be95a2f73dbe6254798ec1bda9f450d5828c96f93e2536b9c"},
    {file = "charset_normalizer-3.4.3-cp311-cp311-musllinux_1_2_x86_64.whl", hash = "sha256:1e8ac75d72fa3775e0b7cb7e4629cec13b7514d928d15ef8ea06bca03ef01cae"},
    {file = "charset_normalizer-3.4.3-cp311-cp311-win32.whl", hash = "sha256:6cf8fd4c04756b6b60146d98cd8a77d0cdae0e1ca20329da2ac85eed779b6849"},
    {file = "charset_normalizer-3.4.3-cp311-cp311-win_amd64.whl", hash = "sha256:31a9a6f775f9bcd865d88ee350f0ffb0e25936a7f930ca98995c05abf1faf21c"},
    {file = "charset_normalizer-3.4.3-cp312-cp312-macosx_10_13_universal2.whl", hash = "sha256:e28e334d3ff134e88989d90ba04b47d84382a828c061d0d1027b1b12a62b39b1"},
    {file = "charset_normalizer-3.4.3-cp312-cp312-manylinux2014_aarch64.manylinux_2_17_aarch64.manylinux_2_28_aarch64.whl", hash = "sha256:0cacf8f7297b0c4fcb74227692ca46b4a5852f8f4f24b3c766dd94a1075c4884"},
    {file = "charset_normalizer-3.4.3-cp312-cp312-manylinux2014_ppc64le.manylinux_2_17_ppc64le.manylinux_2_28_ppc64le.whl", hash = "sha256:c6fd51128a41297f5409deab284fecbe5305ebd7e5a1f959bee1c054622b7018"},
    {file = "charset_normalizer-3.4.3-cp312-cp312-manylinux2014_s390x.manylinux_2_17_s390x.manylinux_2_28_s390x.whl", hash = "sha256:3cfb2aad70f2c6debfbcb717f23b7eb55febc0bb23dcffc0f076009da10c6392"},
    {file = "charset_normalizer-3.4.3-cp312-cp312-manylinux2014_x86_64.manylinux_2_17_x86_64.manylinux_2_28_x86_64.whl", hash = "sha256:1606f4a55c0fd363d754049cdf400175ee96c992b1f8018b993941f221221c5f"},
    {file = "charset_normalizer-3.4.3-cp312-cp312-musllinux_1_2_aarch64.whl", hash = "sha256:027b776c26d38b7f15b26a5da1044f376455fb3766df8fc38563b4efbc515154"},
    {file = "charset_normalizer-3.4.3-cp312-cp312-musllinux_1_2_ppc64le.whl", hash = "sha256:42e5088973e56e31e4fa58eb6bd709e42fc03799c11c42929592889a2e54c491"},
    {file = "charset_normalizer-3.4.3-cp312-cp312-musllinux_1_2_s390x.whl", hash = "sha256:cc34f233c9e71701040d772aa7490318673aa7164a0efe3172b2981218c26d93"},
    {file = "charset_normalizer-3.4.3-cp312-cp312-musllinux_1_2_x86_64.whl", hash = "sha256:320e8e66157cc4e247d9ddca8e21f427efc7a04bbd0ac8a9faf56583fa543f9f"},
    {file = "charset_normalizer-3.4.3-cp312-cp312-win32.whl", hash = "sha256:fb6fecfd65564f208cbf0fba07f107fb661bcd1a7c389edbced3f7a493f70e37"},
    {file = "charset_normalizer-3.4.3-cp312-cp312-win_amd64.whl", hash = "sha256:86df271bf921c2ee3818f0522e9a5b8092ca2ad8b065ece5d7d9d0e9f4849bcc"},
    {file = "charset_normalizer-3.4.3-cp313-cp313-macosx_10_13_universal2.whl", hash = "sha256:14c2a87c65b351109f6abfc424cab3927b3bdece6f706e4d12faaf3d52ee5efe"},
    {file = "charset_normalizer-3.4.3-cp313-cp313-manylinux2014_aarch64.manylinux_2_17_aarch64.manylinux_2_28_aarch64.whl", hash = "sha256:41d1fc408ff5fdfb910200ec0e74abc40387bccb3252f3f27c0676731df2b2c8"},
    {file = "charset_normalizer-3.4.3-cp313-cp313-manylinux2014_ppc64le.manylinux_2_17_ppc64le.manylinux_2_28_ppc64le.whl", hash = "sha256:1bb60174149316da1c35fa5233681f7c0f9f514509b8e399ab70fea5f17e45c9"},
    {file = "charset_normalizer-3.4.3-cp313-cp313-manylinux2014_s390x.manylinux_2_17_s390x.manylinux_2_28_s390x.whl", hash = "sha256:30d006f98569de3459c2fc1f2acde170b7b2bd265dc1943e87e1a4efe1b67c31"},
    {file = "charset_normalizer-3.4.3-cp313-cp313-manylinux2014_x86_64.manylinux_2_17_x86_64.manylinux_2_28_x86_64.whl", hash = "sha256:416175faf02e4b0810f1f38bcb54682878a4af94059a1cd63b8747244420801f"},
    {file = "charset_normalizer-3.4.3-cp313-cp313-musllinux_1_2_aarch64.whl", hash = "sha256:6aab0f181c486f973bc7262a97f5aca3ee7e1437011ef0c2ec04b5a11d16c927"},
    {file = "charset_normalizer-3.4.3-cp313-cp313-musllinux_1_2_ppc64le.whl", hash = "sha256:fdabf8315679312cfa71302f9bd509ded4f2f263fb5b765cf1433b39106c3cc9"},
    {file = "charset_normalizer-3.4.3-cp313-cp313-musllinux_1_2_s390x.whl", hash = "sha256:bd28b817ea8c70215401f657edef3a8aa83c29d447fb0b622c35403780ba11d5"},
    {file = "charset_normalizer-3.4.3-cp313-cp313-musllinux_1_2_x86_64.whl", hash = "sha256:18343b2d246dc6761a249ba1fb13f9ee9a2bcd95decc767319506056ea4ad4dc"},
    {file = "charset_normalizer-3.4.3-cp313-cp313-win32.whl", hash = "sha256:6fb70de56f1859a3f71261cbe41005f56a7842cc348d3aeb26237560bfa5e0ce"},
    {file = "charset_normalizer-3.4.3-cp313-cp313-win_amd64.whl", hash = "sha256:cf1ebb7d78e1ad8ec2a8c4732c7be2e736f6e5123a4146c5b89c9d1f585f8cef"},
    {file = "charset_normalizer-3.4.3-cp314-cp314-macosx_10_13_universal2.whl", hash = "sha256:3cd35b7e8aedeb9e34c41385fda4f73ba609e561faedfae0a9e75e44ac558a15"},
    {file = "charset_normalizer-3.4.3-cp314-cp314-manylinux2014_aarch64.manylinux_2_17_aarch64.manylinux_2_28_aarch64.whl", hash = "sha256:b89bc04de1d83006373429975f8ef9e7932534b8cc9ca582e4db7d20d91816db"},
    {file = "charset_normalizer-3.4.3-cp314-cp314-manylinux2014_ppc64le.manylinux_2_17_ppc64le.manylinux_2_28_ppc64le.whl", hash = "sha256:2001a39612b241dae17b4687898843f254f8748b796a2e16f1051a17078d991d"},
    {file = "charset_normalizer-3.4.3-cp314-cp314-manylinux2014_s390x.manylinux_2_17_s390x.manylinux_2_28_s390x.whl", hash = "sha256:8dcfc373f888e4fb39a7bc57e93e3b845e7f462dacc008d9749568b1c4ece096"},
    {file = "charset_normalizer-3.4.3-cp314-cp314-manylinux2014_x86_64.manylinux_2_17_x86_64.manylinux_2_28_x86_64.whl", hash = "sha256:18b97b8404387b96cdbd30ad660f6407799126d26a39ca65729162fd810a99aa"},
    {file = "charset_normalizer-3.4.3-cp314-cp314-musllinux_1_2_aarch64.whl", hash = "sha256:ccf600859c183d70eb47e05a44cd80a4ce77394d1ac0f79dbd2dd90a69a3a049"},
    {file = "charset_normalizer-3.4.3-cp314-cp314-musllinux_1_2_ppc64le.whl", hash = "sha256:53cd68b185d98dde4ad8990e56a58dea83a4162161b1ea9272e5c9182ce415e0"},
    {file = "charset_normalizer-3.4.3-cp314-cp314-musllinux_1_2_s390x.whl", hash = "sha256:30a96e1e1f865f78b030d65241c1ee850cdf422d869e9028e2fc1d5e4db73b92"},
    {file = "charset_normalizer-3.4.3-cp314-cp314-musllinux_1_2_x86_64.whl", hash = "sha256:d716a916938e03231e86e43782ca7878fb602a125a91e7acb8b5112e2e96ac16"},
    {file = "charset_normalizer-3.4.3-cp314-cp314-win32.whl", hash = "sha256:c6dbd0ccdda3a2ba7c2ecd9d77b37f3b5831687d8dc1b6ca5f56a4880cc7b7ce"},
    {file = "charset_normalizer-3.4.3-cp314-cp314-win_amd64.whl", hash = "sha256:73dc19b562516fc9bcf6e5d6e596df0b4eb98d87e4f79f3ae71840e6ed21361c"},
    {file = "charset_normalizer-3.4.3-cp38-cp38-macosx_10_9_universal2.whl", hash = "sha256:0f2be7e0cf7754b9a30eb01f4295cc3d4358a479843b31f328afd210e2c7598c"},
    {file = "charset_normalizer-3.4.3-cp38-cp38-manylinux2014_aarch64.manylinux_2_17_aarch64.manylinux_2_28_aarch64.whl", hash = "sha256:c60e092517a73c632ec38e290eba714e9627abe9d301c8c8a12ec32c314a2a4b"},
    {file = "charset_normalizer-3.4.3-cp38-cp38-manylinux2014_ppc64le.manylinux_2_17_ppc64le.manylinux_2_28_ppc64le.whl", hash = "sha256:252098c8c7a873e17dd696ed98bbe91dbacd571da4b87df3736768efa7a792e4"},
    {file = "charset_normalizer-3.4.3-cp38-cp38-manylinux2014_s390x.manylinux_2_17_s390x.manylinux_2_28_s390x.whl", hash = "sha256:3653fad4fe3ed447a596ae8638b437f827234f01a8cd801842e43f3d0a6b281b"},
    {file = "charset_normalizer-3.4.3-cp38-cp38-manylinux2014_x86_64.manylinux_2_17_x86_64.manylinux_2_28_x86_64.whl", hash = "sha256:8999f965f922ae054125286faf9f11bc6932184b93011d138925a1773830bbe9"},
    {file = "charset_normalizer-3.4.3-cp38-cp38-musllinux_1_2_aarch64.whl", hash = "sha256:d95bfb53c211b57198bb91c46dd5a2d8018b3af446583aab40074bf7988401cb"},
    {file = "charset_normalizer-3.4.3-cp38-cp38-musllinux_1_2_ppc64le.whl", hash = "sha256:5b413b0b1bfd94dbf4023ad6945889f374cd24e3f62de58d6bb102c4d9ae534a"},
    {file = "charset_normalizer-3.4.3-cp38-cp38-musllinux_1_2_s390x.whl", hash = "sha256:b5e3b2d152e74e100a9e9573837aba24aab611d39428ded46f4e4022ea7d1942"},
    {file = "charset_normalizer-3.4.3-cp38-cp38-musllinux_1_2_x86_64.whl", hash = "sha256:a2d08ac246bb48479170408d6c19f6385fa743e7157d716e144cad849b2dd94b"},
    {file = "charset_normalizer-3.4.3-cp38-cp38-win32.whl", hash = "sha256:ec557499516fc90fd374bf2e32349a2887a876fbf162c160e3c01b6849eaf557"},
    {file = "charset_normalizer-3.4.3-cp38-cp38-win_amd64.whl", hash = "sha256:5d8d01eac18c423815ed4f4a2ec3b439d654e55ee4ad610e153cf02faf67ea40"},
    {file = "charset_normalizer-3.4.3-cp39-cp39-macosx_10_9_universal2.whl", hash = "sha256:70bfc5f2c318afece2f5838ea5e4c3febada0be750fcf4775641052bbba14d05"},
    {file = "charset_normalizer-3.4.3-cp39-cp39-manylinux2014_aarch64.manylinux_2_17_aarch64.manylinux_2_28_aarch64.whl", hash = "sha256:23b6b24d74478dc833444cbd927c338349d6ae852ba53a0d02a2de1fce45b96e"},
    {file = "charset_normalizer-3.4.3-cp39-cp39-manylinux2014_ppc64le.manylinux_2_17_ppc64le.manylinux_2_28_ppc64le.whl", hash = "sha256:34a7f768e3f985abdb42841e20e17b330ad3aaf4bb7e7aeeb73db2e70f077b99"},
    {file = "charset_normalizer-3.4.3-cp39-cp39-manylinux2014_s390x.manylinux_2_17_s390x.manylinux_2_28_s390x.whl", hash = "sha256:fb731e5deb0c7ef82d698b0f4c5bb724633ee2a489401594c5c88b02e6cb15f7"},
    {file = "charset_normalizer-3.4.3-cp39-cp39-manylinux2014_x86_64.manylinux_2_17_x86_64.manylinux_2_28_x86_64.whl", hash = "sha256:257f26fed7d7ff59921b78244f3cd93ed2af1800ff048c33f624c87475819dd7"},
    {file = "charset_normalizer-3.4.3-cp39-cp39-musllinux_1_2_aarch64.whl", hash = "sha256:1ef99f0456d3d46a50945c98de1774da86f8e992ab5c77865ea8b8195341fc19"},
    {file = "charset_normalizer-3.4.3-cp39-cp39-musllinux_1_2_ppc64le.whl", hash = "sha256:2c322db9c8c89009a990ef07c3bcc9f011a3269bc06782f916cd3d9eed7c9312"},
    {file = "charset_normalizer-3.4.3-cp39-cp39-musllinux_1_2_s390x.whl", hash = "sha256:511729f456829ef86ac41ca78c63a5cb55240ed23b4b737faca0eb1abb1c41bc"},
    {file = "charset_normalizer-3.4.3-cp39-cp39-musllinux_1_2_x86_64.whl", hash = "sha256:88ab34806dea0671532d3f82d82b85e8fc23d7b2dd12fa837978dad9bb392a34"},
    {file = "charset_normalizer-3.4.3-cp39-cp39-win32.whl", hash = "sha256:16a8770207946ac75703458e2c743631c79c59c5890c80011d536248f8eaa432"},
    {file = "charset_normalizer-3.4.3-cp39-cp39-win_amd64.whl", hash = "sha256:d22dbedd33326a4a5190dd4fe9e9e693ef12160c77382d9e87919bce54f3d4ca"},
    {file = "charset_normalizer-3.4.3-py3-none-any.whl", hash = "sha256:ce571ab16d890d23b5c278547ba694193a45011ff86a9162a71307ed9f86759a"},
    {file = "charset_normalizer-3.4.3.tar.gz", hash = "sha256:6fce4b8500244f6fcb71465d4a4930d132ba9ab8e71a7859e6a5d59851068d14"},
]

[[package]]
name = "faker"
version = "40.1.0"
description = "Faker is a Python package that generates fake data for you."
optional = false
python-versions = ">=3.10"
groups = ["main"]
files = [
    {file = "faker-40.1.0-py3-none-any.whl", hash = "sha256:a616d35818e2a2387c297de80e2288083bc915e24b7e39d2fb5bc66cce3a929f"},
    {file = "faker-40.1.0.tar.gz", hash = "sha256:c402212a981a8a28615fea9120d789e3f6062c0c259a82bfb8dff5d273e539d2"},
]

[package.dependencies]
tzdata = "*"

[[package]]
name = "idna"
version = "3.10"
description = "Internationalized Domain Names in Applications (IDNA)"
optional = false
python-versions = ">=3.6"
groups = ["main"]
files = [
    {file = "idna-3.10-py3-none-any.whl", hash = "sha256:946d195a0d259cbba61165e88e65941f16e9b36ea6ddb97f00452bae8b1287d3"},
    {file = "idna-3.10.tar.gz", hash = "sha256:12f65c9b470abda6dc35cf8e63cc574b1c52b11df2c86030af0ac09b01b13ea9"},
]

[package.extras]
all = ["flake8 (>=7.1.1)", "mypy (>=1.11.2)", "pytest (>=8.3.2)", "ruff (>=0.6.2)"]

[[package]]
name = "requests"
version = "2.32.5"
description = "Python HTTP for Humans."
optional = false
python-versions = ">=3.9"
groups = ["main"]
files = [
    {file = "requests-2.32.5-py3-none-any.whl", hash = "sha256:2462f94637a34fd532264295e186976db0f5d453d1cdd31473c85a6a161affb6"},
    {file = "requests-2.32.5.tar.gz", hash = "sha256:dbba0bac56e100853db0ea71b82b4dfd5fe2bf6d3754a8893c3af500cec7d7cf"},
]

[package.dependencies]
certifi = ">=2017.4.17"
charset_normalizer = ">=2,<4"
idna = ">=2.5,<4"
urllib3 = ">=1.21.1,<3"

[package.extras]
socks = ["PySocks (>=1.5.6,!=1.5.7)"]
use-chardet-on-py3 = ["chardet (>=3.0.2,<6)"]

[[package]]
name = "robotframework"
version = "7.3.2"
description = "Generic automation framework for acceptance testing and robotic process automation (RPA)"
optional = false
python-versions = ">=3.8"
groups = ["main"]
files = [
    {file = "robotframework-7.3.2-py3-none-any.whl", hash = "sha256:14ef2afa905285cc073df6ce06d0cd3af4a113df6f815532718079e00c98cca4"},
    {file = "robotframework-7.3.2.tar.gz", hash = "sha256:3bb3e299831ecb1664f3d5082f6ff9f08ba82d61a745bef2227328ef3049e93a"},
]

[[package]]
name = "robotframework-faker"
version = "6.0.0"
description = "Robot Framework wrapper for faker, a fake test data generator"
optional = false
python-versions = "*"
groups = ["main"]
files = [
    {file = "robotframework_faker-6.0.0-py3-none-any.whl", hash = "sha256:7238291976cc503950a73c080cb77f61ae8493540b82d9e565a3c4ef2c3c72eb"},
    {file = "robotframework_faker-6.0.0.tar.gz", hash = "sha256:f72c6032d3c347dd235b7c855c66acb8b16392d4ee0267850652c8998899385d"},
]

[package.dependencies]
faker = "*"
robotframework = "*"
wrapt = "*"

[[package]]
name = "robotframework-requests"
version = "0.9.7"
description = "Robot Framework keyword library wrapper around requests"
optional = false
python-versions = "*"
groups = ["main"]
files = [
    {file = "robotframework-requests-0.9.7.tar.gz", hash = "sha256:c2a2839813e1dc6b299e7d336314c9982c225c5b7e001ec893dc3555c6a95740"},
    {file = "robotframework_requests-0.9.7-py3-none-any.whl", hash = "sha256:96315066318778cbcf5523cdb6175f5a0b8fec33275030a20dade3a3d98aeca2"},
]

[package.dependencies]
requests = "*"
robotframework = "*"

[package.extras]
test = ["coverage", "flake8", "flask", "pytest", "robotframework (>=3.2.1)", "six"]

[[package]]
name = "tzdata"
version = "2025.3"
description = "Provider of IANA time zone data"
optional = false
python-versions = ">=2"
groups = ["main"]
files = [
    {file = "tzdata-2025.3-py2.py3-none-any.whl", hash = "sha256:06a47e5700f3081aab02b2e513160914ff0694bce9947d6b76ebd6bf57cfc5d1"},
    {file = "tzdata-2025.3.tar.gz", hash = "sha256:de39c2ca5dc7b0344f2eba86f49d614019d29f060fc4ebc8a417896a620b56a7"},
]

[[package]]
name = "urllib3"
version = "2.5.0"
description = "HTTP library with thread-safe connection pooling, file post, and more."
optional = false
python-versions = ">=3.9"
groups = ["main"]
files = [
    {file = "urllib3-2.5.0-py3-none-any.whl", hash = "sha256:e6b01673c0fa6a13e374b50871808eb3bf7046c4b125b216f6bf1cc604cff0dc"},
    {file = "urllib3-2.5.0.tar.gz", hash = "sha256:3fc47733c7e419d4bc3f6b3dc2b4f890bb743906a30d56ba4a5bfa4bbff92760"},
]

[package.extras]
brotli = ["brotli (>=1.0.9) ; platform_python_implementation == \"CPython\"", "brotlicffi (>=0.8.0) ; platform_python_implementation != \"CPython\""]
h2 = ["h2 (>=4,<5)"]
socks = ["pysocks (>=1.5.6,!=1.5.7,<2.0)"]
zstd = ["zstandard (>=0.18.0)"]

[[package]]
name = "wrapt"
version = "2.0.1"
description = "Module for decorators, wrappers and monkey patching."
optional = false
python-versions = ">=3.8"
groups = ["main"]
files = [
    {file = "wrapt-2.0.1-cp310-cp310-macosx_10_9_universal2.whl", hash = "sha256:64b103acdaa53b7caf409e8d45d39a8442fe6dcfec6ba3f3d141e0cc2b5b4dbd"},
    {file = "wrapt-2.0.1-cp310-cp310-macosx_10_9_x86_64.whl", hash = "sha256:91bcc576260a274b169c3098e9a3519fb01f2989f6d3d386ef9cbf8653de1374"},
    {file = "wrapt-2.0.1-cp310-cp310-macosx_11_0_arm64.whl", hash = "sha256:ab594f346517010050126fcd822697b25a7031d815bb4fbc238ccbe568216489"},
    {file = "wrapt-2.0.1-cp310-cp310-manylinux1_x86_64.manylinux_2_28_x86_64.manylinux_2_5_x86_64.whl", hash = "sha256:36982b26f190f4d737f04a492a68accbfc6fa042c3f42326fdfbb6c5b7a20a31"},
    {file = "wrapt-2.0.1-cp310-cp310-manylinux2014_aarch64.manylinux_2_17_aarch64.manylinux_2_28_aarch64.whl", hash = "sha256:23097ed8bc4c93b7bf36fa2113c6c733c976316ce0ee2c816f64ca06102034ef"},
    {file = "wrapt-2.0.1-cp310-cp310-manylinux_2_31_riscv64.manylinux_2_39_riscv64.whl", hash = "sha256:8bacfe6e001749a3b64db47bcf0341da757c95959f592823a93931a422395013"},
    {file = "wrapt-2.0.1-cp310-cp310-musllinux_1_2_aarch64.whl", hash = "sha256:8ec3303e8a81932171f455f792f8df500fc1a09f20069e5c16bd7049ab4e8e38"},
    {file = "wrapt-2.0.1-cp310-cp310-musllinux_1_2_riscv64.whl", hash = "sha256:3f373a4ab5dbc528a94334f9fe444395b23c2f5332adab9ff4ea82f5a9e33bc1"},
    {file = "wrapt-2.0.1-cp310-cp310-musllinux_1_2_x86_64.whl", hash = "sha256:f49027b0b9503bf6c8cdc297ca55006b80c2f5dd36cecc72c6835ab6e10e8a25"},
    {file = "wrapt-2.0.1-cp310-cp310-win32.whl", hash = "sha256:8330b42d769965e96e01fa14034b28a2a7600fbf7e8f0cc90ebb36d492c993e4"},
    {file = "wrapt-2.0.1-cp310-cp310-win_amd64.whl", hash = "sha256:1218573502a8235bb8a7ecaed12736213b22dcde9feab115fa2989d42b5ded45"},
    {file = "wrapt-2.0.1-cp310-cp310-win_arm64.whl", hash = "sha256:eda8e4ecd662d48c28bb86be9e837c13e45c58b8300e43ba3c9b4fa9900302f7"},
    {file = "wrapt-2.0.1-cp311-cp311-macosx_10_9_universal2.whl", hash = "sha256:0e17283f533a0d24d6e5429a7d11f250a58d28b4ae5186f8f47853e3e70d2590"},
    {file = "wrapt-2.0.1-cp311-cp311-macosx_10_9_x86_64.whl", hash = "sha256:85df8d92158cb8f3965aecc27cf821461bb5f40b450b03facc5d9f0d4d6ddec6"},
    {file = "wrapt-2.0.1-cp311-cp311-macosx_11_0_arm64.whl", hash = "sha256:c1be685ac7700c966b8610ccc63c3187a72e33cab53526a27b2a285a662cd4f7"},
    {file = "wrapt-2.0.1-cp311-cp311-manylinux1_x86_64.manylinux_2_28_x86_64.manylinux_2_5_x86_64.whl", hash = "sha256:df0b6d3b95932809c5b3fecc18fda0f1e07452d05e2662a0b35548985f256e28"},
    {file = "wrapt-2.0.1-cp311-cp311-manylinux2014_aarch64.manylinux_2_17_aarch64.manylinux_2_28_aarch64.whl", hash = "sha256:4da7384b0e5d4cae05c97cd6f94faaf78cc8b0f791fc63af43436d98c4ab37bb"},
    {file = "wrapt-2.0.1-cp311-cp311-manylinux_2_31_riscv64.manylinux_2_39_riscv64.whl", hash = "sha256:ec65a78fbd9d6f083a15d7613b2800d5663dbb6bb96003899c834beaa68b242c"},
    {file = "wrapt-2.0.1-cp311-cp311-musllinux_1_2_aarch64.whl", hash = "sha256:7de3cc939be0e1174969f943f3b44e0d79b6f9a82198133a5b7fc6cc92882f16"},
    {file = "wrapt-2.0.1-cp311-cp311-musllinux_1_2_riscv64.whl", hash = "sha256:fb1a5b72cbd751813adc02ef01ada0b0d05d3dcbc32976ce189a1279d80ad4a2"},
    {file = "wrapt-2.0.1-cp311-cp311-musllinux_1_2_x86_64.whl", hash = "sha256:3fa272ca34332581e00bf7773e993d4f632594eb2d1b0b162a9038df0fd971dd"},
    {file = "wrapt-2.0.1-cp311-cp311-win32.whl", hash = "sha256:fc007fdf480c77301ab1afdbb6ab22a5deee8885f3b1ed7afcb7e5e84a0e27be"},
    {file = "wrapt-2.0.1-cp311-cp311-win_amd64.whl", hash = "sha256:47434236c396d04875180171ee1f3815ca1eada05e24a1ee99546320d54d1d1b"},
    {file = "wrapt-2.0.1-cp311-cp311-win_arm64.whl", hash = "sha256:837e31620e06b16030b1d126ed78e9383815cbac914693f54926d816d35d8edf"},
    {file = "wrapt-2.0.1-cp312-cp312-macosx_10_13_universal2.whl", hash = "sha256:1fdbb34da15450f2b1d735a0e969c24bdb8d8924892380126e2a293d9902078c"},
    {file = "wrapt-2.0.1-cp312-cp312-macosx_10_13_x86_64.whl", hash = "sha256:3d32794fe940b7000f0519904e247f902f0149edbe6316c710a8562fb6738841"},
    {file = "wrapt-2.0.1-cp312-cp312-macosx_11_0_arm64.whl", hash = "sha256:386fb54d9cd903ee0012c09291336469eb7b244f7183d40dc3e86a16a4bace62"},
    {file = "wrapt-2.0.1-cp312-cp312-manylinux1_x86_64.manylinux_2_28_x86_64.manylinux_2_5_x86_64.whl", hash = "sha256:7b219cb2182f230676308cdcacd428fa837987b89e4b7c5c9025088b8a6c9faf"},
    {file = "wrapt-2.0.1-cp312-cp312-manylinux2014_aarch64.manylinux_2_17_aarch64.manylinux_2_28_aarch64.whl", hash = "sha256:641e94e789b5f6b4822bb8d8ebbdfc10f4e4eae7756d648b717d980f657a9eb9"},
    {file = "wrapt-2.0.1-cp312-cp312-manylinux_2_31_riscv64.manylinux_2_39_riscv64.whl", hash = "sha256:fe21b118b9f58859b5ebaa4b130dee18669df4bd111daad082b7beb8799ad16b"},
    {file = "wrapt-2.0.1-cp312-cp312-musllinux_1_2_aarch64.whl", hash = "sha256:17fb85fa4abc26a5184d93b3efd2dcc14deb4b09edcdb3535a536ad34f0b4dba"},
    {file = "wrapt-2.0.1-cp312-cp312-musllinux_1_2_riscv64.whl", hash = "sha256:b89ef9223d665ab255ae42cc282d27d69704d94be0deffc8b9d919179a609684"},
    {file = "wrapt-2.0.1-cp312-cp312-musllinux_1_2_x86_64.whl", hash = "sha256:a453257f19c31b31ba593c30d997d6e5be39e3b5ad9148c2af5a7314061c63eb"},
    {file = "wrapt-2.0.1-cp312-cp312-win32.whl", hash = "sha256:3e271346f01e9c8b1130a6a3b0e11908049fe5be2d365a5f402778049147e7e9"},
    {file = "wrapt-2.0.1-cp312-cp312-win_amd64.whl", hash = "sha256:2da620b31a90cdefa9cd0c2b661882329e2e19d1d7b9b920189956b76c564d75"},
    {file = "wrapt-2.0.1-cp312-cp312-win_arm64.whl", hash = "sha256:aea9c7224c302bc8bfc892b908537f56c430802560e827b75ecbde81b604598b"},
    {file = "wrapt-2.0.1-cp313-cp313-macosx_10_13_universal2.whl", hash = "sha256:47b0f8bafe90f7736151f61482c583c86b0693d80f075a58701dd1549b0010a9"},
    {file = "wrapt-2.0.1-cp313-cp313-macosx_10_13_x86_64.whl", hash = "sha256:cbeb0971e13b4bd81d34169ed57a6dda017328d1a22b62fda45e1d21dd06148f"},
    {file = "wrapt-2.0.1-cp313-cp313-macosx_11_0_arm64.whl", hash = "sha256:eb7cffe572ad0a141a7886a1d2efa5bef0bf7fe021deeea76b3ab334d2c38218"},
    {file = "wrapt-2.0.1-cp313-cp313-manylinux1_x86_64.manylinux_2_28_x86_64.manylinux_2_5_x86_64.whl", hash = "sha256:c8d60527d1ecfc131426b10d93ab5d53e08a09c5fa0175f6b21b3252080c70a9"},
    {file = "wrapt-2.0.1-cp313-cp313-manylinux2014_aarch64.manylinux_2_17_aarch64.manylinux_2_28_aarch64.whl", hash = "sha256:c654eafb01afac55246053d67a4b9a984a3567c3808bb7df2f8de1c1caba2e1c"},
    {file = "wrapt-2.0.1-cp313-cp313-manylinux_2_31_riscv64.manylinux_2_39_riscv64.whl", hash = "sha256:98d873ed6c8b4ee2418f7afce666751854d6d03e3c0ec2a399bb039cd2ae89db"},
    {file = "wrapt-2.0.1-cp313-cp313-musllinux_1_2_aarch64.whl", hash = "sha256:c9e850f5b7fc67af856ff054c71690d54fa940c3ef74209ad9f935b4f66a0233"},
    {file = "wrapt-2.0.1-cp313-cp313-musllinux_1_2_riscv64.whl", hash = "sha256:e505629359cb5f751e16e30cf3f91a1d3ddb4552480c205947da415d597f7ac2"},
    {file = "wrapt-2.0.1-cp313-cp313-musllinux_1_2_x86_64.whl", hash = "sha256:2879af909312d0baf35f08edeea918ee3af7ab57c37fe47cb6a373c9f2749c7b"},
    {file = "wrapt-2.0.1-cp313-cp313-win32.whl", hash = "sha256:d67956c676be5a24102c7407a71f4126d30de2a569a1c7871c9f3cabc94225d7"},
    {file = "wrapt-2.0.1-cp313-cp313-win_amd64.whl", hash = "sha256:9ca66b38dd642bf90c59b6738af8070747b610115a39af2498535f62b5cdc1c3"},
    {file = "wrapt-2.0.1-cp313-cp313-win_arm64.whl", hash = "sha256:5a4939eae35db6b6cec8e7aa0e833dcca0acad8231672c26c2a9ab7a0f8ac9c8"},
    {file = "wrapt-2.0.1-cp313-cp313t-macosx_10_13_universal2.whl", hash = "sha256:a52f93d95c8d38fed0669da2ebdb0b0376e895d84596a976c15a9eb45e3eccb3"},
    {file = "wrapt-2.0.1-cp313-cp313t-macosx_10_13_x86_64.whl", hash = "sha256:4e54bbf554ee29fcceee24fa41c4d091398b911da6e7f5d7bffda963c9aed2e1"},
    {file = "wrapt-2.0.1-cp313-cp313t-macosx_11_0_arm64.whl", hash = "sha256:908f8c6c71557f4deaa280f55d0728c3bca0960e8c3dd5ceeeafb3c19942719d"},
    {file = "wrapt-2.0.1-cp313-cp313t-manylinux1_x86_64.manylinux_2_28_x86_64.manylinux_2_5_x86_64.whl", hash = "sha256:e2f84e9af2060e3904a32cea9bb6db23ce3f91cfd90c6b426757cf7cc01c45c7"},
    {file = "wrapt-2.0.1-cp313-cp313t-manylinux2014_aarch64.manylinux_2_17_aarch64.manylinux_2_28_aarch64.whl", hash = "sha256:e3612dc06b436968dfb9142c62e5dfa9eb5924f91120b3c8ff501ad878f90eb3"},
    {file = "wrapt-2.0.1-cp313-cp313t-manylinux_2_31_riscv64.manylinux_2_39_riscv64.whl", hash = "sha256:6d2d947d266d99a1477cd005b23cbd09465276e302515e122df56bb9511aca1b"},
    {file = "wrapt-2.0.1-cp313-cp313t-musllinux_1_2_aarch64.whl", hash = "sha256:7d539241e87b650cbc4c3ac9f32c8d1ac8a54e510f6dca3f6ab60dcfd48c9b10"},
    {file = "wrapt-2.0.1-cp313-cp313t-musllinux_1_2_riscv64.whl", hash = "sha256:4811e15d88ee62dbf5c77f2c3ff3932b1e3ac92323ba3912f51fc4016ce81ecf"},
    {file = "wrapt-2.0.1-cp313-cp313t-musllinux_1_2_x86_64.whl", hash = "sha256:c1c91405fcf1d501fa5d55df21e58ea49e6b879ae829f1039faaf7e5e509b41e"},
    {file = "wrapt-2.0.1-cp313-cp313t-win32.whl", hash = "sha256:e76e3f91f864e89db8b8d2a8311d57df93f01ad6bb1e9b9976d1f2e83e18315c"},
    {file = "wrapt-2.0.1-cp313-cp313t-win_amd64.whl", hash = "sha256:83ce30937f0ba0d28818807b303a412440c4b63e39d3d8fc036a94764b728c92"},
    {file = "wrapt-2.0.1-cp313-cp313t-win_arm64.whl", hash = "sha256:4b55cacc57e1dc2d0991dbe74c6419ffd415fb66474a02335cb10efd1aa3f84f"},
    {file = "wrapt-2.0.1-cp314-cp314-macosx_10_13_universal2.whl", hash = "sha256:5e53b428f65ece6d9dad23cb87e64506392b720a0b45076c05354d27a13351a1"},
    {file = "wrapt-2.0.1-cp314-cp314-macosx_10_13_x86_64.whl", hash = "sha256:ad3ee9d0f254851c71780966eb417ef8e72117155cff04821ab9b60549694a55"},
    {file = "wrapt-2.0.1-cp314-cp314-macosx_11_0_arm64.whl", hash = "sha256:d7b822c61ed04ee6ad64bc90d13368ad6eb094db54883b5dde2182f67a7f22c0"},
    {file = "wrapt-2.0.1-cp314-cp314-manylinux1_x86_64.manylinux_2_28_x86_64.manylinux_2_5_x86_64.whl", hash = "sha256:7164a55f5e83a9a0b031d3ffab4d4e36bbec42e7025db560f225489fa929e509"},
    {file = "wrapt-2.0.1-cp314-cp314-manylinux2014_aarch64.manylinux_2_17_aarch64.manylinux_2_28_aarch64.whl", hash = "sha256:e60690ba71a57424c8d9ff28f8d006b7ad7772c22a4af432188572cd7fa004a1"},
    {file = "wrapt-2.0.1-cp314-cp314-manylinux_2_31_riscv64.manylinux_2_39_riscv64.whl", hash = "sha256:3cd1a4bd9a7a619922a8557e1318232e7269b5fb69d4ba97b04d20450a6bf970"},
    {file = "wrapt-2.0.1-cp314-cp314-musllinux_1_2_aarch64.whl", hash = "sha256:b4c2e3d777e38e913b8ce3a6257af72fb608f86a1df471cb1d4339755d0a807c"},
    {file = "wrapt-2.0.1-cp314-cp314-musllinux_1_2_riscv64.whl", hash = "sha256:3d366aa598d69416b5afedf1faa539fac40c1d80a42f6b236c88c73a3c8f2d41"},
    {file = "wrapt-2.0.1-cp314-cp314-musllinux_1_2_x86_64.whl", hash = "sha256:c235095d6d090aa903f1db61f892fffb779c1eaeb2a50e566b52001f7a0f66ed"},
    {file = "wrapt-2.0.1-cp314-cp314-win32.whl", hash = "sha256:bfb5539005259f8127ea9c885bdc231978c06b7a980e63a8a61c8c4c979719d0"},
    {file = "wrapt-2.0.1-cp314-cp314-win_amd64.whl", hash = "sha256:4ae879acc449caa9ed43fc36ba08392b9412ee67941748d31d94e3cedb36628c"},
    {file = "wrapt-2.0.1-cp314-cp314-win_arm64.whl", hash = "sha256:8639b843c9efd84675f1e100ed9e99538ebea7297b62c4b45a7042edb84db03e"},
    {file = "wrapt-2.0.1-cp314-cp314t-macosx_10_13_universal2.whl", hash = "sha256:9219a1d946a9b32bb23ccae66bdb61e35c62773ce7ca6509ceea70f344656b7b"},
    {file = "wrapt-2.0.1-cp314-cp314t-macosx_10_13_x86_64.whl", hash = "sha256:fa4184e74197af3adad3c889a1af95b53bb0466bced92ea99a0c014e48323eec"},
    {file = "wrapt-2.0.1-cp314-cp314t-macosx_11_0_arm64.whl", hash = "sha256:c5ef2f2b8a53b7caee2f797ef166a390fef73979b15778a4a153e4b5fedce8fa"},
    {file = "wrapt-2.0.1-cp314-cp314t-manylinux1_x86_64.manylinux_2_28_x86_64.manylinux_2_5_x86_64.whl", hash = "sha256:e042d653a4745be832d5aa190ff80ee4f02c34b21f4b785745eceacd0907b815"},
    {file = "wrapt-2.0.1-cp314-cp314t-manylinux2014_aarch64.manylinux_2_17_aarch64.manylinux_2_28_aarch64.whl", hash = "sha256:2afa23318136709c4b23d87d543b425c399887b4057936cd20386d5b1422b6fa"},
    {file = "wrapt-2.0.1-cp314-cp314t-manylinux_2_31_riscv64.manylinux_2_39_riscv64.whl", hash = "sha256:6c72328f668cf4c503ffcf9434c2b71fdd624345ced7941bc6693e61bbe36bef"},
    {file = "wrapt-2.0.1-cp314-cp314t-musllinux_1_2_aarch64.whl", hash = "sha256:3793ac154afb0e5b45d1233cb94d354ef7a983708cc3bb12563853b1d8d53747"},
    {file = "wrapt-2.0.1-cp314-cp314t-musllinux_1_2_riscv64.whl", hash = "sha256:fec0d993ecba3991645b4857837277469c8cc4c554a7e24d064d1ca291cfb81f"},
    {file = "wrapt-2.0.1-cp314-cp314t-musllinux_1_2_x86_64.whl", hash = "sha256:949520bccc1fa227274da7d03bf238be15389cd94e32e4297b92337df9b7a349"},
    {file = "wrapt-2.0.1-cp314-cp314t-win32.whl", hash = "sha256:be9e84e91d6497ba62594158d3d31ec0486c60055c49179edc51ee43d095f79c"},
    {file = "wrapt-2.0.1-cp314-cp314t-win_amd64.whl", hash = "sha256:61c4956171c7434634401db448371277d07032a81cc21c599c22953374781395"},
    {file = "wrapt-2.0.1-cp314-cp314t-win_arm64.whl", hash = "sha256:35cdbd478607036fee40273be8ed54a451f5f23121bd9d4be515158f9498f7ad"},
    {file = "wrapt-2.0.1-cp38-cp38-macosx_10_9_universal2.whl", hash = "sha256:90897ea1cf0679763b62e79657958cd54eae5659f6360fc7d2ccc6f906342183"},
    {file = "wrapt-2.0.1-cp38-cp38-macosx_10_9_x86_64.whl", hash = "sha256:50844efc8cdf63b2d90cd3d62d4947a28311e6266ce5235a219d21b195b4ec2c"},
    {file = "wrapt-2.0.1-cp38-cp38-macosx_11_0_arm64.whl", hash = "sha256:49989061a9977a8cbd6d20f2efa813f24bf657c6990a42967019ce779a878dbf"},
    {file = "wrapt-2.0.1-cp38-cp38-manylinux1_x86_64.manylinux_2_28_x86_64.manylinux_2_5_x86_64.whl", hash = "sha256:09c7476ab884b74dce081ad9bfd07fe5822d8600abade571cb1f66d5fc915af6"},
    {file = "wrapt-2.0.1-cp38-cp38-manylinux2014_aarch64.manylinux_2_17_aarch64.manylinux_2_28_aarch64.whl", hash = "sha256:d1a8a09a004ef100e614beec82862d11fc17d601092c3599afd22b1f36e4137e"},
    {file = "wrapt-2.0.1-cp38-cp38-musllinux_1_2_aarch64.whl", hash = "sha256:89a82053b193837bf93c0f8a57ded6e4b6d88033a499dadff5067e912c2a41e9"},
    {file = "wrapt-2.0.1-cp38-cp38-musllinux_1_2_x86_64.whl", hash = "sha256:f26f8e2ca19564e2e1fdbb6a0e47f36e0efbab1acc31e15471fad88f828c75f6"},
    {file = "wrapt-2.0.1-cp38-cp38-win32.whl", hash = "sha256:115cae4beed3542e37866469a8a1f2b9ec549b4463572b000611e9946b86e6f6"},
    {file = "wrapt-2.0.1-cp38-cp38-win_amd64.whl", hash = "sha256:c4012a2bd37059d04f8209916aa771dfb564cccb86079072bdcd48a308b6a5c5"},
    {file = "wrapt-2.0.1-cp39-cp39-macosx_10_9_universal2.whl", hash = "sha256:68424221a2dc00d634b54f92441914929c5ffb1c30b3b837343978343a3512a3"},
    {file = "wrapt-2.0.1-cp39-cp39-macosx_10_9_x86_64.whl", hash = "sha256:6bd1a18f5a797fe740cb3d7a0e853a8ce6461cc62023b630caec80171a6b8097"},
    {file = "wrapt-2.0.1-cp39-cp39-macosx_11_0_arm64.whl", hash = "sha256:fb3a86e703868561c5cad155a15c36c716e1ab513b7065bd2ac8ed353c503333"},
    {file = "wrapt-2.0.1-cp39-cp39-manylinux1_x86_64.manylinux_2_28_x86_64.manylinux_2_5_x86_64.whl", hash = "sha256:5dc1b852337c6792aa111ca8becff5bacf576bf4a0255b0f05eb749da6a1643e"},
    {file = "wrapt-2.0.1-cp39-cp39-manylinux2014_aarch64.manylinux_2_17_aarch64.manylinux_2_28_aarch64.whl", hash = "sha256:c046781d422f0830de6329fa4b16796096f28a92c8aef3850674442cdcb87b7f"},
    {file = "wrapt-2.0.1-cp39-cp39-manylinux_2_31_riscv64.manylinux_2_39_riscv64.whl", hash = "sha256:f73f9f7a0ebd0db139253d27e5fc8d2866ceaeef19c30ab5d69dcbe35e1a6981"},
    {file = "wrapt-2.0.1-cp39-cp39-musllinux_1_2_aarch64.whl", hash = "sha256:b667189cf8efe008f55bbda321890bef628a67ab4147ebf90d182f2dadc78790"},
    {file = "wrapt-2.0.1-cp39-cp39-musllinux_1_2_riscv64.whl", hash = "sha256:a9a83618c4f0757557c077ef71d708ddd9847ed66b7cc63416632af70d3e2308"},
    {file = "wrapt-2.0.1-cp39-cp39-musllinux_1_2_x86_64.whl", hash = "sha256:1e9b121e9aeb15df416c2c960b8255a49d44b4038016ee17af03975992d03931"},
    {file = "wrapt-2.0.1-cp39-cp39-win32.whl", hash = "sha256:1f186e26ea0a55f809f232e92cc8556a0977e00183c3ebda039a807a42be1494"},
    {file = "wrapt-2.0.1-cp39-cp39-win_amd64.whl", hash = "sha256:bf4cb76f36be5de950ce13e22e7fdf462b35b04665a12b64f3ac5c1bbbcf3728"},
    {file = "wrapt-2.0.1-cp39-cp39-win_arm64.whl", hash = "sha256:d6cc985b9c8b235bd933990cdbf0f891f8e010b65a3911f7a55179cd7b0fc57b"},
    {file = "wrapt-2.0.1-py3-none-any.whl", hash = "sha256:4d2ce1bf1a48c5277d7969259232b57645aae5686dba1eaeade39442277afbca"},
    {file = "wrapt-2.0.1.tar.gz", hash = "sha256:9c9c635e78497cacb81e84f8b11b23e0aacac7a136e73b8e5b2109a1d9fc468f"},
]

[package.extras]
dev = ["pytest", "setuptools"]

[metadata]
lock-version = "2.1"
python-versions = ">=3.12"
content-hash = "d66d50e8f44006527e21bf79a6ebb8dd4c81994a2135ef82a94337d3f1ee8d29"
